
Microsoft Visual Studio Solution File, Format Version 12.00
# Visual Studio Version 16
VisualStudioVersion = 16.0.30128.74
MinimumVisualStudioVersion = 10.0.40219.1
Project("{FAE04EC0-301F-11D3-BF4B-00C04F79EFBC}") = "PADIP.Android", "PADIP\PADIP.Android\PADIP.Android.csproj", "{DDCEE161-F375-43E0-8813-F4D0B3F9FE05}"
EndProject
Project("{FAE04EC0-301F-11D3-BF4B-00C04F79EFBC}") = "PADIP.iOS", "PADIP\PADIP.iOS\PADIP.iOS.csproj", "{60AE7576-2840-420D-99EA-159C41F712F8}"
EndProject
Project("{FAE04EC0-301F-11D3-BF4B-00C04F79EFBC}") = "PADIP", "PADIP\PADIP\PADIP.csproj", "{25226D49-4C7F-4F4B-B8A7-B4FF4F278018}"
EndProject
Global
	GlobalSection(SolutionConfigurationPlatforms) = preSolution
		Debug|Any CPU = Debug|Any CPU
		Debug|iPhone = Debug|iPhone
		Debug|iPhoneSimulator = Debug|iPhoneSimulator
		Release|Any CPU = Release|Any CPU
		Release|iPhone = Release|iPhone
		Release|iPhoneSimulator = Release|iPhoneSimulator
	EndGlobalSection
	GlobalSection(ProjectConfigurationPlatforms) = postSolution
		{DDCEE161-F375-43E0-8813-F4D0B3F9FE05}.Debug|Any CPU.ActiveCfg = Debug|Any CPU
		{DDCEE161-F375-43E0-8813-F4D0B3F9FE05}.Debug|Any CPU.Build.0 = Debug|Any CPU
		{DDCEE161-F375-43E0-8813-F4D0B3F9FE05}.Debug|Any CPU.Deploy.0 = Debug|Any CPU
		{DDCEE161-F375-43E0-8813-F4D0B3F9FE05}.Debug|iPhone.ActiveCfg = Debug|Any CPU
		{DDCEE161-F375-43E0-8813-F4D0B3F9FE05}.Debug|iPhone.Build.0 = Debug|Any CPU
		{DDCEE161-F375-43E0-8813-F4D0B3F9FE05}.Debug|iPhone.Deploy.0 = Debug|Any CPU
		{DDCEE161-F375-43E0-8813-F4D0B3F9FE05}.Debug|iPhoneSimulator.ActiveCfg = Debug|Any CPU
		{DDCEE161-F375-43E0-8813-F4D0B3F9FE05}.Debug|iPhoneSimulator.Build.0 = Debug|Any CPU
		{DDCEE161-F375-43E0-8813-F4D0B3F9FE05}.Debug|iPhoneSimulator.Deploy.0 = Debug|Any CPU
		{DDCEE161-F375-43E0-8813-F4D0B3F9FE05}.Release|Any CPU.ActiveCfg = Release|Any CPU
		{DDCEE161-F375-43E0-8813-F4D0B3F9FE05}.Release|Any CPU.Build.0 = Release|Any CPU
		{DDCEE161-F375-43E0-8813-F4D0B3F9FE05}.Release|Any CPU.Deploy.0 = Release|Any CPU
		{DDCEE161-F375-43E0-8813-F4D0B3F9FE05}.Release|iPhone.ActiveCfg = Release|Any CPU
		{DDCEE161-F375-43E0-8813-F4D0B3F9FE05}.Release|iPhone.Build.0 = Release|Any CPU
		{DDCEE161-F375-43E0-8813-F4D0B3F9FE05}.Release|iPhone.Deploy.0 = Release|Any CPU
		{DDCEE161-F375-43E0-8813-F4D0B3F9FE05}.Release|iPhoneSimulator.ActiveCfg = Release|Any CPU
		{DDCEE161-F375-43E0-8813-F4D0B3F9FE05}.Release|iPhoneSimulator.Build.0 = Release|Any CPU
		{DDCEE161-F375-43E0-8813-F4D0B3F9FE05}.Release|iPhoneSimulator.Deploy.0 = Release|Any CPU
		{60AE7576-2840-420D-99EA-159C41F712F8}.Debug|Any CPU.ActiveCfg = Debug|iPhone
		{60AE7576-2840-420D-99EA-159C41F712F8}.Debug|Any CPU.Build.0 = Debug|iPhone
		{60AE7576-2840-420D-99EA-159C41F712F8}.Debug|Any CPU.Deploy.0 = Debug|iPhone
		{60AE7576-2840-420D-99EA-159C41F712F8}.Debug|iPhone.ActiveCfg = Debug|iPhone
		{60AE7576-2840-420D-99EA-159C41F712F8}.Debug|iPhone.Build.0 = Debug|iPhone
		{60AE7576-2840-420D-99EA-159C41F712F8}.Debug|iPhone.Deploy.0 = Debug|iPhone
		{60AE7576-2840-420D-99EA-159C41F712F8}.Debug|iPhoneSimulator.ActiveCfg = Debug|iPhoneSimulator
		{60AE7576-2840-420D-99EA-159C41F712F8}.Debug|iPhoneSimulator.Build.0 = Debug|iPhoneSimulator
		{60AE7576-2840-420D-99EA-159C41F712F8}.Debug|iPhoneSimulator.Deploy.0 = Debug|iPhoneSimulator
		{60AE7576-2840-420D-99EA-159C41F712F8}.Release|Any CPU.ActiveCfg = Release|iPhone
		{60AE7576-2840-420D-99EA-159C41F712F8}.Release|Any CPU.Build.0 = Release|iPhone
		{60AE7576-2840-420D-99EA-159C41F712F8}.Release|Any CPU.Deploy.0 = Release|iPhone
		{60AE7576-2840-420D-99EA-159C41F712F8}.Release|iPhone.ActiveCfg = Release|iPhone
		{60AE7576-2840-420D-99EA-159C41F712F8}.Release|iPhone.Build.0 = Release|iPhone
		{60AE7576-2840-420D-99EA-159C41F712F8}.Release|iPhone.Deploy.0 = Release|iPhone
		{60AE7576-2840-420D-99EA-159C41F712F8}.Release|iPhoneSimulator.ActiveCfg = Release|iPhoneSimulator
		{60AE7576-2840-420D-99EA-159C41F712F8}.Release|iPhoneSimulator.Build.0 = Release|iPhoneSimulator
		{60AE7576-2840-420D-99EA-159C41F712F8}.Release|iPhoneSimulator.Deploy.0 = Release|iPhoneSimulator
		{25226D49-4C7F-4F4B-B8A7-B4FF4F278018}.Debug|Any CPU.ActiveCfg = Debug|Any CPU
		{25226D49-4C7F-4F4B-B8A7-B4FF4F278018}.Debug|Any CPU.Build.0 = Debug|Any CPU
		{25226D49-4C7F-4F4B-B8A7-B4FF4F278018}.Debug|Any CPU.Deploy.0 = Debug|Any CPU
		{25226D49-4C7F-4F4B-B8A7-B4FF4F278018}.Debug|iPhone.ActiveCfg = Debug|Any CPU
		{25226D49-4C7F-4F4B-B8A7-B4FF4F278018}.Debug|iPhone.Build.0 = Debug|Any CPU
		{25226D49-4C7F-4F4B-B8A7-B4FF4F278018}.Debug|iPhone.Deploy.0 = Debug|Any CPU
		{25226D49-4C7F-4F4B-B8A7-B4FF4F278018}.Debug|iPhoneSimulator.ActiveCfg = Debug|Any CPU
		{25226D49-4C7F-4F4B-B8A7-B4FF4F278018}.Debug|iPhoneSimulator.Build.0 = Debug|Any CPU
		{25226D49-4C7F-4F4B-B8A7-B4FF4F278018}.Debug|iPhoneSimulator.Deploy.0 = Debug|Any CPU
		{25226D49-4C7F-4F4B-B8A7-B4FF4F278018}.Release|Any CPU.ActiveCfg = Release|Any CPU
		{25226D49-4C7F-4F4B-B8A7-B4FF4F278018}.Release|Any CPU.Build.0 = Release|Any CPU
		{25226D49-4C7F-4F4B-B8A7-B4FF4F278018}.Release|Any CPU.Deploy.0 = Release|Any CPU
		{25226D49-4C7F-4F4B-B8A7-B4FF4F278018}.Release|iPhone.ActiveCfg = Release|Any CPU
		{25226D49-4C7F-4F4B-B8A7-B4FF4F278018}.Release|iPhone.Build.0 = Release|Any CPU
		{25226D49-4C7F-4F4B-B8A7-B4FF4F278018}.Release|iPhone.Deploy.0 = Release|Any CPU
		{25226D49-4C7F-4F4B-B8A7-B4FF4F278018}.Release|iPhoneSimulator.ActiveCfg = Release|Any CPU
		{25226D49-4C7F-4F4B-B8A7-B4FF4F278018}.Release|iPhoneSimulator.Build.0 = Release|Any CPU
		{25226D49-4C7F-4F4B-B8A7-B4FF4F278018}.Release|iPhoneSimulator.Deploy.0 = Release|Any CPU
	EndGlobalSection
	GlobalSection(SolutionProperties) = preSolution
		HideSolutionNode = FALSE
	EndGlobalSection
	GlobalSection(ExtensibilityGlobals) = postSolution
		SolutionGuid = {CDEA3793-184D-4D71-8CC7-0C7C3DDB765D}
	EndGlobalSection
EndGlobal
